
Microsoft Visual Studio Solution File, Format Version 12.00
# Visual Studio Version 17
VisualStudioVersion = 17.0.31717.71
MinimumVisualStudioVersion = 10.0.40219.1
Project("{FAE04EC0-301F-11D3-BF4B-00C04F79EFBC}") = "CrossPlatformApp.UWP", "CrossPlatformApp\CrossPlatformApp.UWP\CrossPlatformApp.UWP.csproj", "{75132212-6410-4209-9372-9501F43C0BF4}"
EndProject
Project("{FAE04EC0-301F-11D3-BF4B-00C04F79EFBC}") = "CrossPlatformApp.Android", "CrossPlatformApp\CrossPlatformApp.Android\CrossPlatformApp.Android.csproj", "{ECB36F06-4DEA-483A-8E49-54B7045D265A}"
EndProject
Project("{FAE04EC0-301F-11D3-BF4B-00C04F79EFBC}") = "CrossPlatformApp.iOS", "CrossPlatformApp\CrossPlatformApp.iOS\CrossPlatformApp.iOS.csproj", "{3675EA97-6D4A-48B7-AA8A-A9C6E286C4E8}"
EndProject
Project("{9A19103F-16F7-4668-BE54-9A1E7A4F7556}") = "CrossPlatformApp", "CrossPlatformApp\CrossPlatformApp\CrossPlatformApp.csproj", "{814F919F-68D6-433D-87E0-072D3C21D9E0}"
EndProject
Project("{9A19103F-16F7-4668-BE54-9A1E7A4F7556}") = "CommonServiceLocator", "CrossPlatformApp\commonserviceloacator\CommonServiceLocator.csproj", "{06A377F5-3700-41C3-AE61-71F94B9D6C1C}"
EndProject
Project("{9A19103F-16F7-4668-BE54-9A1E7A4F7556}") = "Autofac.Extras.CommonServiceLocator", "CrossPlatformApp\Autofac.Extras.CommonServiceLocator\Autofac.Extras.CommonServiceLocator\Autofac.Extras.CommonServiceLocator.csproj", "{9ED8CD0F-7B79-4AFB-B914-42D7A651E3DC}"
EndProject
Global
	GlobalSection(SolutionConfigurationPlatforms) = preSolution
		Debug|Any CPU = Debug|Any CPU
		Debug|ARM = Debug|ARM
		Debug|iPhone = Debug|iPhone
		Debug|iPhoneSimulator = Debug|iPhoneSimulator
		Debug|x64 = Debug|x64
		Debug|x86 = Debug|x86
		Release|Any CPU = Release|Any CPU
		Release|ARM = Release|ARM
		Release|iPhone = Release|iPhone
		Release|iPhoneSimulator = Release|iPhoneSimulator
		Release|x64 = Release|x64
		Release|x86 = Release|x86
	EndGlobalSection
	GlobalSection(ProjectConfigurationPlatforms) = postSolution
		{75132212-6410-4209-9372-9501F43C0BF4}.Debug|Any CPU.ActiveCfg = Debug|x86
		{75132212-6410-4209-9372-9501F43C0BF4}.Debug|Any CPU.Build.0 = Debug|x86
		{75132212-6410-4209-9372-9501F43C0BF4}.Debug|Any CPU.Deploy.0 = Debug|x86
		{75132212-6410-4209-9372-9501F43C0BF4}.Debug|ARM.ActiveCfg = Debug|ARM
		{75132212-6410-4209-9372-9501F43C0BF4}.Debug|ARM.Build.0 = Debug|ARM
		{75132212-6410-4209-9372-9501F43C0BF4}.Debug|ARM.Deploy.0 = Debug|ARM
		{75132212-6410-4209-9372-9501F43C0BF4}.Debug|iPhone.ActiveCfg = Debug|x86
		{75132212-6410-4209-9372-9501F43C0BF4}.Debug|iPhone.Build.0 = Debug|x86
		{75132212-6410-4209-9372-9501F43C0BF4}.Debug|iPhone.Deploy.0 = Debug|x86
		{75132212-6410-4209-9372-9501F43C0BF4}.Debug|iPhoneSimulator.ActiveCfg = Debug|x86
		{75132212-6410-4209-9372-9501F43C0BF4}.Debug|iPhoneSimulator.Build.0 = Debug|x86
		{75132212-6410-4209-9372-9501F43C0BF4}.Debug|iPhoneSimulator.Deploy.0 = Debug|x86
		{75132212-6410-4209-9372-9501F43C0BF4}.Debug|x64.ActiveCfg = Debug|x64
		{75132212-6410-4209-9372-9501F43C0BF4}.Debug|x64.Build.0 = Debug|x64
		{75132212-6410-4209-9372-9501F43C0BF4}.Debug|x64.Deploy.0 = Debug|x64
		{75132212-6410-4209-9372-9501F43C0BF4}.Debug|x86.ActiveCfg = Debug|x86
		{75132212-6410-4209-9372-9501F43C0BF4}.Debug|x86.Build.0 = Debug|x86
		{75132212-6410-4209-9372-9501F43C0BF4}.Debug|x86.Deploy.0 = Debug|x86
		{75132212-6410-4209-9372-9501F43C0BF4}.Release|Any CPU.ActiveCfg = Release|x86
		{75132212-6410-4209-9372-9501F43C0BF4}.Release|Any CPU.Build.0 = Release|x86
		{75132212-6410-4209-9372-9501F43C0BF4}.Release|Any CPU.Deploy.0 = Release|x86
		{75132212-6410-4209-9372-9501F43C0BF4}.Release|ARM.ActiveCfg = Release|ARM
		{75132212-6410-4209-9372-9501F43C0BF4}.Release|ARM.Build.0 = Release|ARM
		{75132212-6410-4209-9372-9501F43C0BF4}.Release|ARM.Deploy.0 = Release|ARM
		{75132212-6410-4209-9372-9501F43C0BF4}.Release|iPhone.ActiveCfg = Release|x86
		{75132212-6410-4209-9372-9501F43C0BF4}.Release|iPhone.Build.0 = Release|x86
		{75132212-6410-4209-9372-9501F43C0BF4}.Release|iPhone.Deploy.0 = Release|x86
		{75132212-6410-4209-9372-9501F43C0BF4}.Release|iPhoneSimulator.ActiveCfg = Release|x86
		{75132212-6410-4209-9372-9501F43C0BF4}.Release|iPhoneSimulator.Build.0 = Release|x86
		{75132212-6410-4209-9372-9501F43C0BF4}.Release|iPhoneSimulator.Deploy.0 = Release|x86
		{75132212-6410-4209-9372-9501F43C0BF4}.Release|x64.ActiveCfg = Release|x64
		{75132212-6410-4209-9372-9501F43C0BF4}.Release|x64.Build.0 = Release|x64
		{75132212-6410-4209-9372-9501F43C0BF4}.Release|x64.Deploy.0 = Release|x64
		{75132212-6410-4209-9372-9501F43C0BF4}.Release|x86.ActiveCfg = Release|x86
		{75132212-6410-4209-9372-9501F43C0BF4}.Release|x86.Build.0 = Release|x86
		{75132212-6410-4209-9372-9501F43C0BF4}.Release|x86.Deploy.0 = Release|x86
		{ECB36F06-4DEA-483A-8E49-54B7045D265A}.Debug|Any CPU.ActiveCfg = Debug|Any CPU
		{ECB36F06-4DEA-483A-8E49-54B7045D265A}.Debug|Any CPU.Build.0 = Debug|Any CPU
		{ECB36F06-4DEA-483A-8E49-54B7045D265A}.Debug|Any CPU.Deploy.0 = Debug|Any CPU
		{ECB36F06-4DEA-483A-8E49-54B7045D265A}.Debug|ARM.ActiveCfg = Debug|Any CPU
		{ECB36F06-4DEA-483A-8E49-54B7045D265A}.Debug|ARM.Build.0 = Debug|Any CPU
		{ECB36F06-4DEA-483A-8E49-54B7045D265A}.Debug|ARM.Deploy.0 = Debug|Any CPU
		{ECB36F06-4DEA-483A-8E49-54B7045D265A}.Debug|iPhone.ActiveCfg = Debug|Any CPU
		{ECB36F06-4DEA-483A-8E49-54B7045D265A}.Debug|iPhone.Build.0 = Debug|Any CPU
		{ECB36F06-4DEA-483A-8E49-54B7045D265A}.Debug|iPhone.Deploy.0 = Debug|Any CPU
		{ECB36F06-4DEA-483A-8E49-54B7045D265A}.Debug|iPhoneSimulator.ActiveCfg = Debug|Any CPU
		{ECB36F06-4DEA-483A-8E49-54B7045D265A}.Debug|iPhoneSimulator.Build.0 = Debug|Any CPU
		{ECB36F06-4DEA-483A-8E49-54B7045D265A}.Debug|iPhoneSimulator.Deploy.0 = Debug|Any CPU
		{ECB36F06-4DEA-483A-8E49-54B7045D265A}.Debug|x64.ActiveCfg = Debug|Any CPU
		{ECB36F06-4DEA-483A-8E49-54B7045D265A}.Debug|x64.Build.0 = Debug|Any CPU
		{ECB36F06-4DEA-483A-8E49-54B7045D265A}.Debug|x64.Deploy.0 = Debug|Any CPU
		{ECB36F06-4DEA-483A-8E49-54B7045D265A}.Debug|x86.ActiveCfg = Debug|Any CPU
		{ECB36F06-4DEA-483A-8E49-54B7045D265A}.Debug|x86.Build.0 = Debug|Any CPU
		{ECB36F06-4DEA-483A-8E49-54B7045D265A}.Debug|x86.Deploy.0 = Debug|Any CPU
		{ECB36F06-4DEA-483A-8E49-54B7045D265A}.Release|Any CPU.ActiveCfg = Release|Any CPU
		{ECB36F06-4DEA-483A-8E49-54B7045D265A}.Release|Any CPU.Build.0 = Release|Any CPU
		{ECB36F06-4DEA-483A-8E49-54B7045D265A}.Release|Any CPU.Deploy.0 = Release|Any CPU
		{ECB36F06-4DEA-483A-8E49-54B7045D265A}.Release|ARM.ActiveCfg = Release|Any CPU
		{ECB36F06-4DEA-483A-8E49-54B7045D265A}.Release|ARM.Build.0 = Release|Any CPU
		{ECB36F06-4DEA-483A-8E49-54B7045D265A}.Release|ARM.Deploy.0 = Release|Any CPU
		{ECB36F06-4DEA-483A-8E49-54B7045D265A}.Release|iPhone.ActiveCfg = Release|Any CPU
		{ECB36F06-4DEA-483A-8E49-54B7045D265A}.Release|iPhone.Build.0 = Release|Any CPU
		{ECB36F06-4DEA-483A-8E49-54B7045D265A}.Release|iPhone.Deploy.0 = Release|Any CPU
		{ECB36F06-4DEA-483A-8E49-54B7045D265A}.Release|iPhoneSimulator.ActiveCfg = Release|Any CPU
		{ECB36F06-4DEA-483A-8E49-54B7045D265A}.Release|iPhoneSimulator.Build.0 = Release|Any CPU
		{ECB36F06-4DEA-483A-8E49-54B7045D265A}.Release|iPhoneSimulator.Deploy.0 = Release|Any CPU
		{ECB36F06-4DEA-483A-8E49-54B7045D265A}.Release|x64.ActiveCfg = Release|Any CPU
		{ECB36F06-4DEA-483A-8E49-54B7045D265A}.Release|x64.Build.0 = Release|Any CPU
		{ECB36F06-4DEA-483A-8E49-54B7045D265A}.Release|x64.Deploy.0 = Release|Any CPU
		{ECB36F06-4DEA-483A-8E49-54B7045D265A}.Release|x86.ActiveCfg = Release|Any CPU
		{ECB36F06-4DEA-483A-8E49-54B7045D265A}.Release|x86.Build.0 = Release|Any CPU
		{ECB36F06-4DEA-483A-8E49-54B7045D265A}.Release|x86.Deploy.0 = Release|Any CPU
		{3675EA97-6D4A-48B7-AA8A-A9C6E286C4E8}.Debug|Any CPU.ActiveCfg = Debug|iPhoneSimulator
		{3675EA97-6D4A-48B7-AA8A-A9C6E286C4E8}.Debug|Any CPU.Build.0 = Debug|iPhoneSimulator
		{3675EA97-6D4A-48B7-AA8A-A9C6E286C4E8}.Debug|Any CPU.Deploy.0 = Debug|iPhoneSimulator
		{3675EA97-6D4A-48B7-AA8A-A9C6E286C4E8}.Debug|ARM.ActiveCfg = Debug|iPhone
		{3675EA97-6D4A-48B7-AA8A-A9C6E286C4E8}.Debug|ARM.Build.0 = Debug|iPhone
		{3675EA97-6D4A-48B7-AA8A-A9C6E286C4E8}.Debug|ARM.Deploy.0 = Debug|iPhone
		{3675EA97-6D4A-48B7-AA8A-A9C6E286C4E8}.Debug|iPhone.ActiveCfg = Debug|iPhone
		{3675EA97-6D4A-48B7-AA8A-A9C6E286C4E8}.Debug|iPhone.Build.0 = Debug|iPhone
		{3675EA97-6D4A-48B7-AA8A-A9C6E286C4E8}.Debug|iPhone.Deploy.0 = Debug|iPhone
		{3675EA97-6D4A-48B7-AA8A-A9C6E286C4E8}.Debug|iPhoneSimulator.ActiveCfg = Debug|iPhoneSimulator
		{3675EA97-6D4A-48B7-AA8A-A9C6E286C4E8}.Debug|iPhoneSimulator.Build.0 = Debug|iPhoneSimulator
		{3675EA97-6D4A-48B7-AA8A-A9C6E286C4E8}.Debug|iPhoneSimulator.Deploy.0 = Debug|iPhoneSimulator
		{3675EA97-6D4A-48B7-AA8A-A9C6E286C4E8}.Debug|x64.ActiveCfg = Debug|iPhoneSimulator
		{3675EA97-6D4A-48B7-AA8A-A9C6E286C4E8}.Debug|x64.Build.0 = Debug|iPhoneSimulator
		{3675EA97-6D4A-48B7-AA8A-A9C6E286C4E8}.Debug|x64.Deploy.0 = Debug|iPhoneSimulator
		{3675EA97-6D4A-48B7-AA8A-A9C6E286C4E8}.Debug|x86.ActiveCfg = Debug|iPhoneSimulator
		{3675EA97-6D4A-48B7-AA8A-A9C6E286C4E8}.Debug|x86.Build.0 = Debug|iPhoneSimulator
		{3675EA97-6D4A-48B7-AA8A-A9C6E286C4E8}.Debug|x86.Deploy.0 = Debug|iPhoneSimulator
		{3675EA97-6D4A-48B7-AA8A-A9C6E286C4E8}.Release|Any CPU.ActiveCfg = Release|iPhoneSimulator
		{3675EA97-6D4A-48B7-AA8A-A9C6E286C4E8}.Release|Any CPU.Build.0 = Release|iPhoneSimulator
		{3675EA97-6D4A-48B7-AA8A-A9C6E286C4E8}.Release|Any CPU.Deploy.0 = Release|iPhoneSimulator
		{3675EA97-6D4A-48B7-AA8A-A9C6E286C4E8}.Release|ARM.ActiveCfg = Release|iPhoneSimulator
		{3675EA97-6D4A-48B7-AA8A-A9C6E286C4E8}.Release|ARM.Build.0 = Release|iPhoneSimulator
		{3675EA97-6D4A-48B7-AA8A-A9C6E286C4E8}.Release|ARM.Deploy.0 = Release|iPhoneSimulator
		{3675EA97-6D4A-48B7-AA8A-A9C6E286C4E8}.Release|iPhone.ActiveCfg = Release|iPhone
		{3675EA97-6D4A-48B7-AA8A-A9C6E286C4E8}.Release|iPhone.Build.0 = Release|iPhone
		{3675EA97-6D4A-48B7-AA8A-A9C6E286C4E8}.Release|iPhone.Deploy.0 = Release|iPhone
		{3675EA97-6D4A-48B7-AA8A-A9C6E286C4E8}.Release|iPhoneSimulator.ActiveCfg = Release|iPhoneSimulator
		{3675EA97-6D4A-48B7-AA8A-A9C6E286C4E8}.Release|iPhoneSimulator.Build.0 = Release|iPhoneSimulator
		{3675EA97-6D4A-48B7-AA8A-A9C6E286C4E8}.Release|iPhoneSimulator.Deploy.0 = Release|iPhoneSimulator
		{3675EA97-6D4A-48B7-AA8A-A9C6E286C4E8}.Release|x64.ActiveCfg = Release|iPhoneSimulator
		{3675EA97-6D4A-48B7-AA8A-A9C6E286C4E8}.Release|x64.Build.0 = Release|iPhoneSimulator
		{3675EA97-6D4A-48B7-AA8A-A9C6E286C4E8}.Release|x64.Deploy.0 = Release|iPhoneSimulator
		{3675EA97-6D4A-48B7-AA8A-A9C6E286C4E8}.Release|x86.ActiveCfg = Release|iPhoneSimulator
		{3675EA97-6D4A-48B7-AA8A-A9C6E286C4E8}.Release|x86.Build.0 = Release|iPhoneSimulator
		{3675EA97-6D4A-48B7-AA8A-A9C6E286C4E8}.Release|x86.Deploy.0 = Release|iPhoneSimulator
		{814F919F-68D6-433D-87E0-072D3C21D9E0}.Debug|Any CPU.ActiveCfg = Debug|Any CPU
		{814F919F-68D6-433D-87E0-072D3C21D9E0}.Debug|Any CPU.Build.0 = Debug|Any CPU
		{814F919F-68D6-433D-87E0-072D3C21D9E0}.Debug|Any CPU.Deploy.0 = Debug|Any CPU
		{814F919F-68D6-433D-87E0-072D3C21D9E0}.Debug|ARM.ActiveCfg = Debug|Any CPU
		{814F919F-68D6-433D-87E0-072D3C21D9E0}.Debug|ARM.Build.0 = Debug|Any CPU
		{814F919F-68D6-433D-87E0-072D3C21D9E0}.Debug|ARM.Deploy.0 = Debug|Any CPU
		{814F919F-68D6-433D-87E0-072D3C21D9E0}.Debug|iPhone.ActiveCfg = Debug|Any CPU
		{814F919F-68D6-433D-87E0-072D3C21D9E0}.Debug|iPhone.Build.0 = Debug|Any CPU
		{814F919F-68D6-433D-87E0-072D3C21D9E0}.Debug|iPhone.Deploy.0 = Debug|Any CPU
		{814F919F-68D6-433D-87E0-072D3C21D9E0}.Debug|iPhoneSimulator.ActiveCfg = Debug|Any CPU
		{814F919F-68D6-433D-87E0-072D3C21D9E0}.Debug|iPhoneSimulator.Build.0 = Debug|Any CPU
		{814F919F-68D6-433D-87E0-072D3C21D9E0}.Debug|iPhoneSimulator.Deploy.0 = Debug|Any CPU
		{814F919F-68D6-433D-87E0-072D3C21D9E0}.Debug|x64.ActiveCfg = Debug|Any CPU
		{814F919F-68D6-433D-87E0-072D3C21D9E0}.Debug|x64.Build.0 = Debug|Any CPU
		{814F919F-68D6-433D-87E0-072D3C21D9E0}.Debug|x64.Deploy.0 = Debug|Any CPU
		{814F919F-68D6-433D-87E0-072D3C21D9E0}.Debug|x86.ActiveCfg = Debug|Any CPU
		{814F919F-68D6-433D-87E0-072D3C21D9E0}.Debug|x86.Build.0 = Debug|Any CPU
		{814F919F-68D6-433D-87E0-072D3C21D9E0}.Debug|x86.Deploy.0 = Debug|Any CPU
		{814F919F-68D6-433D-87E0-072D3C21D9E0}.Release|Any CPU.ActiveCfg = Release|Any CPU
		{814F919F-68D6-433D-87E0-072D3C21D9E0}.Release|Any CPU.Build.0 = Release|Any CPU
		{814F919F-68D6-433D-87E0-072D3C21D9E0}.Release|Any CPU.Deploy.0 = Release|Any CPU
		{814F919F-68D6-433D-87E0-072D3C21D9E0}.Release|ARM.ActiveCfg = Release|Any CPU
		{814F919F-68D6-433D-87E0-072D3C21D9E0}.Release|ARM.Build.0 = Release|Any CPU
		{814F919F-68D6-433D-87E0-072D3C21D9E0}.Release|ARM.Deploy.0 = Release|Any CPU
		{814F919F-68D6-433D-87E0-072D3C21D9E0}.Release|iPhone.ActiveCfg = Release|Any CPU
		{814F919F-68D6-433D-87E0-072D3C21D9E0}.Release|iPhone.Build.0 = Release|Any CPU
		{814F919F-68D6-433D-87E0-072D3C21D9E0}.Release|iPhone.Deploy.0 = Release|Any CPU
		{814F919F-68D6-433D-87E0-072D3C21D9E0}.Release|iPhoneSimulator.ActiveCfg = Release|Any CPU
		{814F919F-68D6-433D-87E0-072D3C21D9E0}.Release|iPhoneSimulator.Build.0 = Release|Any CPU
		{814F919F-68D6-433D-87E0-072D3C21D9E0}.Release|iPhoneSimulator.Deploy.0 = Release|Any CPU
		{814F919F-68D6-433D-87E0-072D3C21D9E0}.Release|x64.ActiveCfg = Release|Any CPU
		{814F919F-68D6-433D-87E0-072D3C21D9E0}.Release|x64.Build.0 = Release|Any CPU
		{814F919F-68D6-433D-87E0-072D3C21D9E0}.Release|x64.Deploy.0 = Release|Any CPU
		{814F919F-68D6-433D-87E0-072D3C21D9E0}.Release|x86.ActiveCfg = Release|Any CPU
		{814F919F-68D6-433D-87E0-072D3C21D9E0}.Release|x86.Build.0 = Release|Any CPU
		{814F919F-68D6-433D-87E0-072D3C21D9E0}.Release|x86.Deploy.0 = Release|Any CPU
		{06A377F5-3700-41C3-AE61-71F94B9D6C1C}.Debug|Any CPU.ActiveCfg = Debug|Any CPU
		{06A377F5-3700-41C3-AE61-71F94B9D6C1C}.Debug|Any CPU.Build.0 = Debug|Any CPU
		{06A377F5-3700-41C3-AE61-71F94B9D6C1C}.Debug|ARM.ActiveCfg = Debug|Any CPU
		{06A377F5-3700-41C3-AE61-71F94B9D6C1C}.Debug|ARM.Build.0 = Debug|Any CPU
		{06A377F5-3700-41C3-AE61-71F94B9D6C1C}.Debug|iPhone.ActiveCfg = Debug|Any CPU
		{06A377F5-3700-41C3-AE61-71F94B9D6C1C}.Debug|iPhone.Build.0 = Debug|Any CPU
		{06A377F5-3700-41C3-AE61-71F94B9D6C1C}.Debug|iPhoneSimulator.ActiveCfg = Debug|Any CPU
		{06A377F5-3700-41C3-AE61-71F94B9D6C1C}.Debug|iPhoneSimulator.Build.0 = Debug|Any CPU
		{06A377F5-3700-41C3-AE61-71F94B9D6C1C}.Debug|x64.ActiveCfg = Debug|Any CPU
		{06A377F5-3700-41C3-AE61-71F94B9D6C1C}.Debug|x64.Build.0 = Debug|Any CPU
		{06A377F5-3700-41C3-AE61-71F94B9D6C1C}.Debug|x86.ActiveCfg = Debug|Any CPU
		{06A377F5-3700-41C3-AE61-71F94B9D6C1C}.Debug|x86.Build.0 = Debug|Any CPU
		{06A377F5-3700-41C3-AE61-71F94B9D6C1C}.Release|Any CPU.ActiveCfg = Release|Any CPU
		{06A377F5-3700-41C3-AE61-71F94B9D6C1C}.Release|Any CPU.Build.0 = Release|Any CPU
		{06A377F5-3700-41C3-AE61-71F94B9D6C1C}.Release|ARM.ActiveCfg = Release|Any CPU
		{06A377F5-3700-41C3-AE61-71F94B9D6C1C}.Release|ARM.Build.0 = Release|Any CPU
		{06A377F5-3700-41C3-AE61-71F94B9D6C1C}.Release|iPhone.ActiveCfg = Release|Any CPU
		{06A377F5-3700-41C3-AE61-71F94B9D6C1C}.Release|iPhone.Build.0 = Release|Any CPU
		{06A377F5-3700-41C3-AE61-71F94B9D6C1C}.Release|iPhoneSimulator.ActiveCfg = Release|Any CPU
		{06A377F5-3700-41C3-AE61-71F94B9D6C1C}.Release|iPhoneSimulator.Build.0 = Release|Any CPU
		{06A377F5-3700-41C3-AE61-71F94B9D6C1C}.Release|x64.ActiveCfg = Release|Any CPU
		{06A377F5-3700-41C3-AE61-71F94B9D6C1C}.Release|x64.Build.0 = Release|Any CPU
		{06A377F5-3700-41C3-AE61-71F94B9D6C1C}.Release|x86.ActiveCfg = Release|Any CPU
		{06A377F5-3700-41C3-AE61-71F94B9D6C1C}.Release|x86.Build.0 = Release|Any CPU
		{9ED8CD0F-7B79-4AFB-B914-42D7A651E3DC}.Debug|Any CPU.ActiveCfg = Debug|Any CPU
		{9ED8CD0F-7B79-4AFB-B914-42D7A651E3DC}.Debug|Any CPU.Build.0 = Debug|Any CPU
		{9ED8CD0F-7B79-4AFB-B914-42D7A651E3DC}.Debug|ARM.ActiveCfg = Debug|Any CPU
		{9ED8CD0F-7B79-4AFB-B914-42D7A651E3DC}.Debug|ARM.Build.0 = Debug|Any CPU
		{9ED8CD0F-7B79-4AFB-B914-42D7A651E3DC}.Debug|iPhone.ActiveCfg = Debug|Any CPU
		{9ED8CD0F-7B79-4AFB-B914-42D7A651E3DC}.Debug|iPhone.Build.0 = Debug|Any CPU
		{9ED8CD0F-7B79-4AFB-B914-42D7A651E3DC}.Debug|iPhoneSimulator.ActiveCfg = Debug|Any CPU
		{9ED8CD0F-7B79-4AFB-B914-42D7A651E3DC}.Debug|iPhoneSimulator.Build.0 = Debug|Any CPU
		{9ED8CD0F-7B79-4AFB-B914-42D7A651E3DC}.Debug|x64.ActiveCfg = Debug|Any CPU
		{9ED8CD0F-7B79-4AFB-B914-42D7A651E3DC}.Debug|x64.Build.0 = Debug|Any CPU
		{9ED8CD0F-7B79-4AFB-B914-42D7A651E3DC}.Debug|x86.ActiveCfg = Debug|Any CPU
		{9ED8CD0F-7B79-4AFB-B914-42D7A651E3DC}.Debug|x86.Build.0 = Debug|Any CPU
		{9ED8CD0F-7B79-4AFB-B914-42D7A651E3DC}.Release|Any CPU.ActiveCfg = Release|Any CPU
		{9ED8CD0F-7B79-4AFB-B914-42D7A651E3DC}.Release|Any CPU.Build.0 = Release|Any CPU
		{9ED8CD0F-7B79-4AFB-B914-42D7A651E3DC}.Release|ARM.ActiveCfg = Release|Any CPU
		{9ED8CD0F-7B79-4AFB-B914-42D7A651E3DC}.Release|ARM.Build.0 = Release|Any CPU
		{9ED8CD0F-7B79-4AFB-B914-42D7A651E3DC}.Release|iPhone.ActiveCfg = Release|Any CPU
		{9ED8CD0F-7B79-4AFB-B914-42D7A651E3DC}.Release|iPhone.Build.0 = Release|Any CPU
		{9ED8CD0F-7B79-4AFB-B914-42D7A651E3DC}.Release|iPhoneSimulator.ActiveCfg = Release|Any CPU
		{9ED8CD0F-7B79-4AFB-B914-42D7A651E3DC}.Release|iPhoneSimulator.Build.0 = Release|Any CPU
		{9ED8CD0F-7B79-4AFB-B914-42D7A651E3DC}.Release|x64.ActiveCfg = Release|Any CPU
		{9ED8CD0F-7B79-4AFB-B914-42D7A651E3DC}.Release|x64.Build.0 = Release|Any CPU
		{9ED8CD0F-7B79-4AFB-B914-42D7A651E3DC}.Release|x86.ActiveCfg = Release|Any CPU
		{9ED8CD0F-7B79-4AFB-B914-42D7A651E3DC}.Release|x86.Build.0 = Release|Any CPU
	EndGlobalSection
	GlobalSection(SolutionProperties) = preSolution
		HideSolutionNode = FALSE
	EndGlobalSection
	GlobalSection(ExtensibilityGlobals) = postSolution
		SolutionGuid = {4DF60481-6790-4FE4-ADE8-6AC1ED0D829B}
	EndGlobalSection
EndGlobal
